
Microsoft Visual Studio Solution File, Format Version 12.00
# Visual Studio Version 16
VisualStudioVersion = 16.0.30503.244
MinimumVisualStudioVersion = 10.0.40219.1
Project("{9A19103F-16F7-4668-BE54-9A1E7A4F7556}") = "ShuYunDemo", "ShuYunDemo\ShuYunDemo.csproj", "{4D8547CD-BB2A-4C8F-91E4-D83FF9E026BE}"
EndProject
Project("{9A19103F-16F7-4668-BE54-9A1E7A4F7556}") = "ShuYunSDK", "ShuYunSDK\ShuYunSDK.csproj", "{DC14CCB5-A1DE-4347-B504-CA61900B7C0F}"
EndProject
Global
	GlobalSection(SolutionConfigurationPlatforms) = preSolution
		Debug|Any CPU = Debug|Any CPU
		Release|Any CPU = Release|Any CPU
	EndGlobalSection
	GlobalSection(ProjectConfigurationPlatforms) = postSolution
		{4D8547CD-BB2A-4C8F-91E4-D83FF9E026BE}.Debug|Any CPU.ActiveCfg = Debug|Any CPU
		{4D8547CD-BB2A-4C8F-91E4-D83FF9E026BE}.Debug|Any CPU.Build.0 = Debug|Any CPU
		{4D8547CD-BB2A-4C8F-91E4-D83FF9E026BE}.Release|Any CPU.ActiveCfg = Release|Any CPU
		{4D8547CD-BB2A-4C8F-91E4-D83FF9E026BE}.Release|Any CPU.Build.0 = Release|Any CPU
		{DC14CCB5-A1DE-4347-B504-CA61900B7C0F}.Debug|Any CPU.ActiveCfg = Debug|Any CPU
		{DC14CCB5-A1DE-4347-B504-CA61900B7C0F}.Debug|Any CPU.Build.0 = Debug|Any CPU
		{DC14CCB5-A1DE-4347-B504-CA61900B7C0F}.Release|Any CPU.ActiveCfg = Release|Any CPU
		{DC14CCB5-A1DE-4347-B504-CA61900B7C0F}.Release|Any CPU.Build.0 = Release|Any CPU
	EndGlobalSection
	GlobalSection(SolutionProperties) = preSolution
		HideSolutionNode = FALSE
	EndGlobalSection
	GlobalSection(ExtensibilityGlobals) = postSolution
		SolutionGuid = {9E20C2AD-3BF1-4655-AB0E-D685ADE4D7A2}
	EndGlobalSection
EndGlobal
